<?xml version="1.0" encoding="utf-8"?>
<Project ToolsVersion="4.0" xmlns="http://schemas.microsoft.com/developer/msbuild/2003">
  <ItemGroup>
    <Filter Include="源文件">
      <UniqueIdentifier>{4FC737F1-C7A5-4376-A066-2A32D752A2FF}</UniqueIdentifier>
      <Extensions>cpp;c;cc;cxx;def;odl;idl;hpj;bat;asm;asmx</Extensions>
    </Filter>
    <Filter Include="头文件">
      <UniqueIdentifier>{93995380-89BD-4b04-88EB-625FBE52EBFB}</UniqueIdentifier>
      <Extensions>h;hh;hpp;hxx;hm;inl;inc;xsd</Extensions>
    </Filter>
    <Filter Include="资源文件">
      <UniqueIdentifier>{67DA6AB6-F800-4c08-8B7A-83BB121AAD01}</UniqueIdentifier>
      <Extensions>rc;ico;cur;bmp;dlg;rc2;rct;bin;rgs;gif;jpg;jpeg;jpe;resx;tiff;tif;png;wav;mfcribbon-ms</Extensions>
    </Filter>
    <Filter Include="头文件\zlib">
      <UniqueIdentifier>{e3a4bdd0-31f2-4355-a07a-a55064a07745}</UniqueIdentifier>
    </Filter>
  </ItemGroup>
  <ItemGroup>
    <ClInclude Include="zlib\crc32.h">
      <Filter>头文件\zlib</Filter>
    </ClInclude>
    <ClInclude Include="zlib\deflate.h">
      <Filter>头文件\zlib</Filter>
    </ClInclude>
    <ClInclude Include="zlib\gzguts.h">
      <Filter>头文件\zlib</Filter>
    </ClInclude>
    <ClInclude Include="zlib\inffast.h">
      <Filter>头文件\zlib</Filter>
    </ClInclude>
    <ClInclude Include="zlib\inffixed.h">
      <Filter>头文件\zlib</Filter>
    </ClInclude>
    <ClInclude Include="zlib\inflate.h">
      <Filter>头文件\zlib</Filter>
    </ClInclude>
    <ClInclude Include="zlib\inftrees.h">
      <Filter>头文件\zlib</Filter>
    </ClInclude>
    <ClInclude Include="zlib\trees.h">
      <Filter>头文件\zlib</Filter>
    </ClInclude>
    <ClInclude Include="zlib\zconf.h">
      <Filter>头文件\zlib</Filter>
    </ClInclude>
    <ClInclude Include="zlib\zlib.h">
      <Filter>头文件\zlib</Filter>
    </ClInclude>
    <ClInclude Include="zlib\zutil.h">
      <Filter>头文件\zlib</Filter>
    </ClInclude>
    <ClInclude Include="ByteBuffer.h">
      <Filter>头文件</Filter>
    </ClInclude>
    <ClInclude Include="XFileDecrypter.h">
      <Filter>头文件</Filter>
    </ClInclude>
    <ClInclude Include="XFileReader.h">
      <Filter>头文件</Filter>
    </ClInclude>
    <ClInclude Include="XUtil.h">
      <Filter>头文件</Filter>
    </ClInclude>
    <ClInclude Include="XFileBase.h">
      <Filter>头文件</Filter>
    </ClInclude>
    <ClInclude Include="XFileEncrypter.h">
      <Filter>头文件</Filter>
    </ClInclude>
    <ClInclude Include="XFileWriter.h">
      <Filter>头文件</Filter>
    </ClInclude>
    <ClInclude Include="XFilePackager.h">
      <Filter>头文件</Filter>
    </ClInclude>
    <ClInclude Include="XFileInspector.h">
      <Filter>头文件</Filter>
    </ClInclude>
  </ItemGroup>
  <ItemGroup>
    <ClCompile Include="main.cpp">
      <Filter>源文件</Filter>
    </ClCompile>
    <ClCompile Include="ByteBuffer.cpp">
      <Filter>源文件</Filter>
    </ClCompile>
    <ClCompile Include="XFileDecrypter.cpp">
      <Filter>源文件</Filter>
    </ClCompile>
    <ClCompile Include="XFileReader.cpp">
      <Filter>源文件</Filter>
    </ClCompile>
    <ClCompile Include="XUtil.cpp">
      <Filter>源文件</Filter>
    </ClCompile>
    <ClCompile Include="XFileWriter.cpp">
      <Filter>源文件</Filter>
    </ClCompile>
    <ClCompile Include="XFileEncrypter.cpp">
      <Filter>源文件</Filter>
    </ClCompile>
    <ClCompile Include="XFilePackager.cpp">
      <Filter>源文件</Filter>
    </ClCompile>
    <ClCompile Include="XFileInspector.cpp">
      <Filter>源文件</Filter>
    </ClCompile>
  </ItemGroup>
</Project>